
Microsoft Visual Studio Solution File, Format Version 12.00
# Visual Studio 14
VisualStudioVersion = 14.0.25420.1
MinimumVisualStudioVersion = 10.0.40219.1
Project("{FAE04EC0-301F-11D3-BF4B-00C04F79EFBC}") = "Nota.Droid", "Nota\Nota.Droid\Nota.Droid.csproj", "{2E740E1B-E659-4C00-8C6F-1AC1299FF04D}"
EndProject
Project("{FAE04EC0-301F-11D3-BF4B-00C04F79EFBC}") = "Nota.iOS", "Nota\Nota.iOS\Nota.iOS.csproj", "{92EB357B-A929-4EA3-86F7-3DF636403DF5}"
EndProject
Project("{FAE04EC0-301F-11D3-BF4B-00C04F79EFBC}") = "Nota.WinPhone", "Nota\Nota.WinPhone\Nota.WinPhone.csproj", "{7F1E6FB2-2201-4AC3-98A3-D88CF1C1BE07}"
EndProject
Project("{FAE04EC0-301F-11D3-BF4B-00C04F79EFBC}") = "Nota.Windows", "Nota\Nota.Windows\Nota.Windows.csproj", "{FA9FF9B9-11F7-4E6A-AC7F-B62E79D04F2F}"
EndProject
Project("{FAE04EC0-301F-11D3-BF4B-00C04F79EFBC}") = "Nota", "Nota\Nota\Nota.csproj", "{A0900B24-B31C-4E63-AA4F-0F56F0995298}"
EndProject
Global
	GlobalSection(SolutionConfigurationPlatforms) = preSolution
		Ad-Hoc|Any CPU = Ad-Hoc|Any CPU
		Ad-Hoc|ARM = Ad-Hoc|ARM
		Ad-Hoc|iPhone = Ad-Hoc|iPhone
		Ad-Hoc|iPhoneSimulator = Ad-Hoc|iPhoneSimulator
		Ad-Hoc|x64 = Ad-Hoc|x64
		Ad-Hoc|x86 = Ad-Hoc|x86
		AppStore|Any CPU = AppStore|Any CPU
		AppStore|ARM = AppStore|ARM
		AppStore|iPhone = AppStore|iPhone
		AppStore|iPhoneSimulator = AppStore|iPhoneSimulator
		AppStore|x64 = AppStore|x64
		AppStore|x86 = AppStore|x86
		Debug|Any CPU = Debug|Any CPU
		Debug|ARM = Debug|ARM
		Debug|iPhone = Debug|iPhone
		Debug|iPhoneSimulator = Debug|iPhoneSimulator
		Debug|x64 = Debug|x64
		Debug|x86 = Debug|x86
		Release|Any CPU = Release|Any CPU
		Release|ARM = Release|ARM
		Release|iPhone = Release|iPhone
		Release|iPhoneSimulator = Release|iPhoneSimulator
		Release|x64 = Release|x64
		Release|x86 = Release|x86
	EndGlobalSection
	GlobalSection(ProjectConfigurationPlatforms) = postSolution
		{2E740E1B-E659-4C00-8C6F-1AC1299FF04D}.Ad-Hoc|Any CPU.ActiveCfg = Release|Any CPU
		{2E740E1B-E659-4C00-8C6F-1AC1299FF04D}.Ad-Hoc|Any CPU.Build.0 = Release|Any CPU
		{2E740E1B-E659-4C00-8C6F-1AC1299FF04D}.Ad-Hoc|Any CPU.Deploy.0 = Release|Any CPU
		{2E740E1B-E659-4C00-8C6F-1AC1299FF04D}.Ad-Hoc|ARM.ActiveCfg = Release|Any CPU
		{2E740E1B-E659-4C00-8C6F-1AC1299FF04D}.Ad-Hoc|ARM.Build.0 = Release|Any CPU
		{2E740E1B-E659-4C00-8C6F-1AC1299FF04D}.Ad-Hoc|ARM.Deploy.0 = Release|Any CPU
		{2E740E1B-E659-4C00-8C6F-1AC1299FF04D}.Ad-Hoc|iPhone.ActiveCfg = Release|Any CPU
		{2E740E1B-E659-4C00-8C6F-1AC1299FF04D}.Ad-Hoc|iPhone.Build.0 = Release|Any CPU
		{2E740E1B-E659-4C00-8C6F-1AC1299FF04D}.Ad-Hoc|iPhone.Deploy.0 = Release|Any CPU
		{2E740E1B-E659-4C00-8C6F-1AC1299FF04D}.Ad-Hoc|iPhoneSimulator.ActiveCfg = Release|Any CPU
		{2E740E1B-E659-4C00-8C6F-1AC1299FF04D}.Ad-Hoc|iPhoneSimulator.Build.0 = Release|Any CPU
		{2E740E1B-E659-4C00-8C6F-1AC1299FF04D}.Ad-Hoc|iPhoneSimulator.Deploy.0 = Release|Any CPU
		{2E740E1B-E659-4C00-8C6F-1AC1299FF04D}.Ad-Hoc|x64.ActiveCfg = Release|Any CPU
		{2E740E1B-E659-4C00-8C6F-1AC1299FF04D}.Ad-Hoc|x64.Build.0 = Release|Any CPU
		{2E740E1B-E659-4C00-8C6F-1AC1299FF04D}.Ad-Hoc|x64.Deploy.0 = Release|Any CPU
		{2E740E1B-E659-4C00-8C6F-1AC1299FF04D}.Ad-Hoc|x86.ActiveCfg = Release|Any CPU
		{2E740E1B-E659-4C00-8C6F-1AC1299FF04D}.Ad-Hoc|x86.Build.0 = Release|Any CPU
		{2E740E1B-E659-4C00-8C6F-1AC1299FF04D}.Ad-Hoc|x86.Deploy.0 = Release|Any CPU
		{2E740E1B-E659-4C00-8C6F-1AC1299FF04D}.AppStore|Any CPU.ActiveCfg = Release|Any CPU
		{2E740E1B-E659-4C00-8C6F-1AC1299FF04D}.AppStore|Any CPU.Build.0 = Release|Any CPU
		{2E740E1B-E659-4C00-8C6F-1AC1299FF04D}.AppStore|Any CPU.Deploy.0 = Release|Any CPU
		{2E740E1B-E659-4C00-8C6F-1AC1299FF04D}.AppStore|ARM.ActiveCfg = Release|Any CPU
		{2E740E1B-E659-4C00-8C6F-1AC1299FF04D}.AppStore|ARM.Build.0 = Release|Any CPU
		{2E740E1B-E659-4C00-8C6F-1AC1299FF04D}.AppStore|ARM.Deploy.0 = Release|Any CPU
		{2E740E1B-E659-4C00-8C6F-1AC1299FF04D}.AppStore|iPhone.ActiveCfg = Release|Any CPU
		{2E740E1B-E659-4C00-8C6F-1AC1299FF04D}.AppStore|iPhone.Build.0 = Release|Any CPU
		{2E740E1B-E659-4C00-8C6F-1AC1299FF04D}.AppStore|iPhone.Deploy.0 = Release|Any CPU
		{2E740E1B-E659-4C00-8C6F-1AC1299FF04D}.AppStore|iPhoneSimulator.ActiveCfg = Release|Any CPU
		{2E740E1B-E659-4C00-8C6F-1AC1299FF04D}.AppStore|iPhoneSimulator.Build.0 = Release|Any CPU
		{2E740E1B-E659-4C00-8C6F-1AC1299FF04D}.AppStore|iPhoneSimulator.Deploy.0 = Release|Any CPU
		{2E740E1B-E659-4C00-8C6F-1AC1299FF04D}.AppStore|x64.ActiveCfg = Release|Any CPU
		{2E740E1B-E659-4C00-8C6F-1AC1299FF04D}.AppStore|x64.Build.0 = Release|Any CPU
		{2E740E1B-E659-4C00-8C6F-1AC1299FF04D}.AppStore|x64.Deploy.0 = Release|Any CPU
		{2E740E1B-E659-4C00-8C6F-1AC1299FF04D}.AppStore|x86.ActiveCfg = Release|Any CPU
		{2E740E1B-E659-4C00-8C6F-1AC1299FF04D}.AppStore|x86.Build.0 = Release|Any CPU
		{2E740E1B-E659-4C00-8C6F-1AC1299FF04D}.AppStore|x86.Deploy.0 = Release|Any CPU
		{2E740E1B-E659-4C00-8C6F-1AC1299FF04D}.Debug|Any CPU.ActiveCfg = Debug|Any CPU
		{2E740E1B-E659-4C00-8C6F-1AC1299FF04D}.Debug|Any CPU.Build.0 = Debug|Any CPU
		{2E740E1B-E659-4C00-8C6F-1AC1299FF04D}.Debug|Any CPU.Deploy.0 = Debug|Any CPU
		{2E740E1B-E659-4C00-8C6F-1AC1299FF04D}.Debug|ARM.ActiveCfg = Debug|Any CPU
		{2E740E1B-E659-4C00-8C6F-1AC1299FF04D}.Debug|ARM.Build.0 = Debug|Any CPU
		{2E740E1B-E659-4C00-8C6F-1AC1299FF04D}.Debug|ARM.Deploy.0 = Debug|Any CPU
		{2E740E1B-E659-4C00-8C6F-1AC1299FF04D}.Debug|iPhone.ActiveCfg = Debug|Any CPU
		{2E740E1B-E659-4C00-8C6F-1AC1299FF04D}.Debug|iPhone.Build.0 = Debug|Any CPU
		{2E740E1B-E659-4C00-8C6F-1AC1299FF04D}.Debug|iPhone.Deploy.0 = Debug|Any CPU
		{2E740E1B-E659-4C00-8C6F-1AC1299FF04D}.Debug|iPhoneSimulator.ActiveCfg = Debug|Any CPU
		{2E740E1B-E659-4C00-8C6F-1AC1299FF04D}.Debug|iPhoneSimulator.Build.0 = Debug|Any CPU
		{2E740E1B-E659-4C00-8C6F-1AC1299FF04D}.Debug|iPhoneSimulator.Deploy.0 = Debug|Any CPU
		{2E740E1B-E659-4C00-8C6F-1AC1299FF04D}.Debug|x64.ActiveCfg = Debug|Any CPU
		{2E740E1B-E659-4C00-8C6F-1AC1299FF04D}.Debug|x64.Build.0 = Debug|Any CPU
		{2E740E1B-E659-4C00-8C6F-1AC1299FF04D}.Debug|x64.Deploy.0 = Debug|Any CPU
		{2E740E1B-E659-4C00-8C6F-1AC1299FF04D}.Debug|x86.ActiveCfg = Debug|Any CPU
		{2E740E1B-E659-4C00-8C6F-1AC1299FF04D}.Debug|x86.Build.0 = Debug|Any CPU
		{2E740E1B-E659-4C00-8C6F-1AC1299FF04D}.Debug|x86.Deploy.0 = Debug|Any CPU
		{2E740E1B-E659-4C00-8C6F-1AC1299FF04D}.Release|Any CPU.ActiveCfg = Release|Any CPU
		{2E740E1B-E659-4C00-8C6F-1AC1299FF04D}.Release|Any CPU.Build.0 = Release|Any CPU
		{2E740E1B-E659-4C00-8C6F-1AC1299FF04D}.Release|Any CPU.Deploy.0 = Release|Any CPU
		{2E740E1B-E659-4C00-8C6F-1AC1299FF04D}.Release|ARM.ActiveCfg = Release|Any CPU
		{2E740E1B-E659-4C00-8C6F-1AC1299FF04D}.Release|ARM.Build.0 = Release|Any CPU
		{2E740E1B-E659-4C00-8C6F-1AC1299FF04D}.Release|ARM.Deploy.0 = Release|Any CPU
		{2E740E1B-E659-4C00-8C6F-1AC1299FF04D}.Release|iPhone.ActiveCfg = Release|Any CPU
		{2E740E1B-E659-4C00-8C6F-1AC1299FF04D}.Release|iPhone.Build.0 = Release|Any CPU
		{2E740E1B-E659-4C00-8C6F-1AC1299FF04D}.Release|iPhone.Deploy.0 = Release|Any CPU
		{2E740E1B-E659-4C00-8C6F-1AC1299FF04D}.Release|iPhoneSimulator.ActiveCfg = Release|Any CPU
		{2E740E1B-E659-4C00-8C6F-1AC1299FF04D}.Release|iPhoneSimulator.Build.0 = Release|Any CPU
		{2E740E1B-E659-4C00-8C6F-1AC1299FF04D}.Release|iPhoneSimulator.Deploy.0 = Release|Any CPU
		{2E740E1B-E659-4C00-8C6F-1AC1299FF04D}.Release|x64.ActiveCfg = Release|Any CPU
		{2E740E1B-E659-4C00-8C6F-1AC1299FF04D}.Release|x64.Build.0 = Release|Any CPU
		{2E740E1B-E659-4C00-8C6F-1AC1299FF04D}.Release|x64.Deploy.0 = Release|Any CPU
		{2E740E1B-E659-4C00-8C6F-1AC1299FF04D}.Release|x86.ActiveCfg = Release|Any CPU
		{2E740E1B-E659-4C00-8C6F-1AC1299FF04D}.Release|x86.Build.0 = Release|Any CPU
		{2E740E1B-E659-4C00-8C6F-1AC1299FF04D}.Release|x86.Deploy.0 = Release|Any CPU
		{92EB357B-A929-4EA3-86F7-3DF636403DF5}.Ad-Hoc|Any CPU.ActiveCfg = Ad-Hoc|iPhone
		{92EB357B-A929-4EA3-86F7-3DF636403DF5}.Ad-Hoc|ARM.ActiveCfg = Ad-Hoc|iPhone
		{92EB357B-A929-4EA3-86F7-3DF636403DF5}.Ad-Hoc|iPhone.ActiveCfg = Ad-Hoc|iPhone
		{92EB357B-A929-4EA3-86F7-3DF636403DF5}.Ad-Hoc|iPhone.Build.0 = Ad-Hoc|iPhone
		{92EB357B-A929-4EA3-86F7-3DF636403DF5}.Ad-Hoc|iPhoneSimulator.ActiveCfg = Ad-Hoc|iPhoneSimulator
		{92EB357B-A929-4EA3-86F7-3DF636403DF5}.Ad-Hoc|iPhoneSimulator.Build.0 = Ad-Hoc|iPhoneSimulator
		{92EB357B-A929-4EA3-86F7-3DF636403DF5}.Ad-Hoc|x64.ActiveCfg = Ad-Hoc|iPhone
		{92EB357B-A929-4EA3-86F7-3DF636403DF5}.Ad-Hoc|x86.ActiveCfg = Ad-Hoc|iPhone
		{92EB357B-A929-4EA3-86F7-3DF636403DF5}.AppStore|Any CPU.ActiveCfg = AppStore|iPhone
		{92EB357B-A929-4EA3-86F7-3DF636403DF5}.AppStore|ARM.ActiveCfg = AppStore|iPhone
		{92EB357B-A929-4EA3-86F7-3DF636403DF5}.AppStore|iPhone.ActiveCfg = AppStore|iPhone
		{92EB357B-A929-4EA3-86F7-3DF636403DF5}.AppStore|iPhone.Build.0 = AppStore|iPhone
		{92EB357B-A929-4EA3-86F7-3DF636403DF5}.AppStore|iPhoneSimulator.ActiveCfg = AppStore|iPhoneSimulator
		{92EB357B-A929-4EA3-86F7-3DF636403DF5}.AppStore|iPhoneSimulator.Build.0 = AppStore|iPhoneSimulator
		{92EB357B-A929-4EA3-86F7-3DF636403DF5}.AppStore|x64.ActiveCfg = AppStore|iPhone
		{92EB357B-A929-4EA3-86F7-3DF636403DF5}.AppStore|x86.ActiveCfg = AppStore|iPhone
		{92EB357B-A929-4EA3-86F7-3DF636403DF5}.Debug|Any CPU.ActiveCfg = Debug|iPhone
		{92EB357B-A929-4EA3-86F7-3DF636403DF5}.Debug|ARM.ActiveCfg = Debug|iPhone
		{92EB357B-A929-4EA3-86F7-3DF636403DF5}.Debug|iPhone.ActiveCfg = Debug|iPhone
		{92EB357B-A929-4EA3-86F7-3DF636403DF5}.Debug|iPhone.Build.0 = Debug|iPhone
		{92EB357B-A929-4EA3-86F7-3DF636403DF5}.Debug|iPhoneSimulator.ActiveCfg = Debug|iPhoneSimulator
		{92EB357B-A929-4EA3-86F7-3DF636403DF5}.Debug|iPhoneSimulator.Build.0 = Debug|iPhoneSimulator
		{92EB357B-A929-4EA3-86F7-3DF636403DF5}.Debug|x64.ActiveCfg = Debug|iPhone
		{92EB357B-A929-4EA3-86F7-3DF636403DF5}.Debug|x86.ActiveCfg = Debug|iPhone
		{92EB357B-A929-4EA3-86F7-3DF636403DF5}.Release|Any CPU.ActiveCfg = Release|iPhone
		{92EB357B-A929-4EA3-86F7-3DF636403DF5}.Release|ARM.ActiveCfg = Release|iPhone
		{92EB357B-A929-4EA3-86F7-3DF636403DF5}.Release|iPhone.ActiveCfg = Release|iPhone
		{92EB357B-A929-4EA3-86F7-3DF636403DF5}.Release|iPhone.Build.0 = Release|iPhone
		{92EB357B-A929-4EA3-86F7-3DF636403DF5}.Release|iPhoneSimulator.ActiveCfg = Release|iPhoneSimulator
		{92EB357B-A929-4EA3-86F7-3DF636403DF5}.Release|iPhoneSimulator.Build.0 = Release|iPhoneSimulator
		{92EB357B-A929-4EA3-86F7-3DF636403DF5}.Release|x64.ActiveCfg = Release|iPhone
		{92EB357B-A929-4EA3-86F7-3DF636403DF5}.Release|x86.ActiveCfg = Release|iPhone
		{7F1E6FB2-2201-4AC3-98A3-D88CF1C1BE07}.Ad-Hoc|Any CPU.ActiveCfg = Release|Any CPU
		{7F1E6FB2-2201-4AC3-98A3-D88CF1C1BE07}.Ad-Hoc|Any CPU.Build.0 = Release|Any CPU
		{7F1E6FB2-2201-4AC3-98A3-D88CF1C1BE07}.Ad-Hoc|Any CPU.Deploy.0 = Release|Any CPU
		{7F1E6FB2-2201-4AC3-98A3-D88CF1C1BE07}.Ad-Hoc|ARM.ActiveCfg = Release|ARM
		{7F1E6FB2-2201-4AC3-98A3-D88CF1C1BE07}.Ad-Hoc|ARM.Build.0 = Release|ARM
		{7F1E6FB2-2201-4AC3-98A3-D88CF1C1BE07}.Ad-Hoc|ARM.Deploy.0 = Release|ARM
		{7F1E6FB2-2201-4AC3-98A3-D88CF1C1BE07}.Ad-Hoc|iPhone.ActiveCfg = Release|Any CPU
		{7F1E6FB2-2201-4AC3-98A3-D88CF1C1BE07}.Ad-Hoc|iPhone.Build.0 = Release|Any CPU
		{7F1E6FB2-2201-4AC3-98A3-D88CF1C1BE07}.Ad-Hoc|iPhone.Deploy.0 = Release|Any CPU
		{7F1E6FB2-2201-4AC3-98A3-D88CF1C1BE07}.Ad-Hoc|iPhoneSimulator.ActiveCfg = Release|Any CPU
		{7F1E6FB2-2201-4AC3-98A3-D88CF1C1BE07}.Ad-Hoc|iPhoneSimulator.Build.0 = Release|Any CPU
		{7F1E6FB2-2201-4AC3-98A3-D88CF1C1BE07}.Ad-Hoc|iPhoneSimulator.Deploy.0 = Release|Any CPU
		{7F1E6FB2-2201-4AC3-98A3-D88CF1C1BE07}.Ad-Hoc|x64.ActiveCfg = Release|Any CPU
		{7F1E6FB2-2201-4AC3-98A3-D88CF1C1BE07}.Ad-Hoc|x64.Build.0 = Release|Any CPU
		{7F1E6FB2-2201-4AC3-98A3-D88CF1C1BE07}.Ad-Hoc|x64.Deploy.0 = Release|Any CPU
		{7F1E6FB2-2201-4AC3-98A3-D88CF1C1BE07}.Ad-Hoc|x86.ActiveCfg = Release|x86
		{7F1E6FB2-2201-4AC3-98A3-D88CF1C1BE07}.Ad-Hoc|x86.Build.0 = Release|x86
		{7F1E6FB2-2201-4AC3-98A3-D88CF1C1BE07}.Ad-Hoc|x86.Deploy.0 = Release|x86
		{7F1E6FB2-2201-4AC3-98A3-D88CF1C1BE07}.AppStore|Any CPU.ActiveCfg = Release|Any CPU
		{7F1E6FB2-2201-4AC3-98A3-D88CF1C1BE07}.AppStore|Any CPU.Build.0 = Release|Any CPU
		{7F1E6FB2-2201-4AC3-98A3-D88CF1C1BE07}.AppStore|Any CPU.Deploy.0 = Release|Any CPU
		{7F1E6FB2-2201-4AC3-98A3-D88CF1C1BE07}.AppStore|ARM.ActiveCfg = Release|ARM
		{7F1E6FB2-2201-4AC3-98A3-D88CF1C1BE07}.AppStore|ARM.Build.0 = Release|ARM
		{7F1E6FB2-2201-4AC3-98A3-D88CF1C1BE07}.AppStore|ARM.Deploy.0 = Release|ARM
		{7F1E6FB2-2201-4AC3-98A3-D88CF1C1BE07}.AppStore|iPhone.ActiveCfg = Release|Any CPU
		{7F1E6FB2-2201-4AC3-98A3-D88CF1C1BE07}.AppStore|iPhone.Build.0 = Release|Any CPU
		{7F1E6FB2-2201-4AC3-98A3-D88CF1C1BE07}.AppStore|iPhone.Deploy.0 = Release|Any CPU
		{7F1E6FB2-2201-4AC3-98A3-D88CF1C1BE07}.AppStore|iPhoneSimulator.ActiveCfg = Release|Any CPU
		{7F1E6FB2-2201-4AC3-98A3-D88CF1C1BE07}.AppStore|iPhoneSimulator.Build.0 = Release|Any CPU
		{7F1E6FB2-2201-4AC3-98A3-D88CF1C1BE07}.AppStore|iPhoneSimulator.Deploy.0 = Release|Any CPU
		{7F1E6FB2-2201-4AC3-98A3-D88CF1C1BE07}.AppStore|x64.ActiveCfg = Release|Any CPU
		{7F1E6FB2-2201-4AC3-98A3-D88CF1C1BE07}.AppStore|x64.Build.0 = Release|Any CPU
		{7F1E6FB2-2201-4AC3-98A3-D88CF1C1BE07}.AppStore|x64.Deploy.0 = Release|Any CPU
		{7F1E6FB2-2201-4AC3-98A3-D88CF1C1BE07}.AppStore|x86.ActiveCfg = Release|x86
		{7F1E6FB2-2201-4AC3-98A3-D88CF1C1BE07}.AppStore|x86.Build.0 = Release|x86
		{7F1E6FB2-2201-4AC3-98A3-D88CF1C1BE07}.AppStore|x86.Deploy.0 = Release|x86
		{7F1E6FB2-2201-4AC3-98A3-D88CF1C1BE07}.Debug|Any CPU.ActiveCfg = Debug|Any CPU
		{7F1E6FB2-2201-4AC3-98A3-D88CF1C1BE07}.Debug|Any CPU.Build.0 = Debug|Any CPU
		{7F1E6FB2-2201-4AC3-98A3-D88CF1C1BE07}.Debug|Any CPU.Deploy.0 = Debug|Any CPU
		{7F1E6FB2-2201-4AC3-98A3-D88CF1C1BE07}.Debug|ARM.ActiveCfg = Debug|ARM
		{7F1E6FB2-2201-4AC3-98A3-D88CF1C1BE07}.Debug|ARM.Build.0 = Debug|ARM
		{7F1E6FB2-2201-4AC3-98A3-D88CF1C1BE07}.Debug|ARM.Deploy.0 = Debug|ARM
		{7F1E6FB2-2201-4AC3-98A3-D88CF1C1BE07}.Debug|iPhone.ActiveCfg = Debug|Any CPU
		{7F1E6FB2-2201-4AC3-98A3-D88CF1C1BE07}.Debug|iPhone.Build.0 = Debug|Any CPU
		{7F1E6FB2-2201-4AC3-98A3-D88CF1C1BE07}.Debug|iPhone.Deploy.0 = Debug|Any CPU
		{7F1E6FB2-2201-4AC3-98A3-D88CF1C1BE07}.Debug|iPhoneSimulator.ActiveCfg = Debug|Any CPU
		{7F1E6FB2-2201-4AC3-98A3-D88CF1C1BE07}.Debug|iPhoneSimulator.Build.0 = Debug|Any CPU
		{7F1E6FB2-2201-4AC3-98A3-D88CF1C1BE07}.Debug|iPhoneSimulator.Deploy.0 = Debug|Any CPU
		{7F1E6FB2-2201-4AC3-98A3-D88CF1C1BE07}.Debug|x64.ActiveCfg = Debug|Any CPU
		{7F1E6FB2-2201-4AC3-98A3-D88CF1C1BE07}.Debug|x64.Build.0 = Debug|Any CPU
		{7F1E6FB2-2201-4AC3-98A3-D88CF1C1BE07}.Debug|x64.Deploy.0 = Debug|Any CPU
		{7F1E6FB2-2201-4AC3-98A3-D88CF1C1BE07}.Debug|x86.ActiveCfg = Debug|x86
		{7F1E6FB2-2201-4AC3-98A3-D88CF1C1BE07}.Debug|x86.Build.0 = Debug|x86
		{7F1E6FB2-2201-4AC3-98A3-D88CF1C1BE07}.Debug|x86.Deploy.0 = Debug|x86
		{7F1E6FB2-2201-4AC3-98A3-D88CF1C1BE07}.Release|Any CPU.ActiveCfg = Release|Any CPU
		{7F1E6FB2-2201-4AC3-98A3-D88CF1C1BE07}.Release|Any CPU.Build.0 = Release|Any CPU
		{7F1E6FB2-2201-4AC3-98A3-D88CF1C1BE07}.Release|Any CPU.Deploy.0 = Release|Any CPU
		{7F1E6FB2-2201-4AC3-98A3-D88CF1C1BE07}.Release|ARM.ActiveCfg = Release|ARM
		{7F1E6FB2-2201-4AC3-98A3-D88CF1C1BE07}.Release|ARM.Build.0 = Release|ARM
		{7F1E6FB2-2201-4AC3-98A3-D88CF1C1BE07}.Release|ARM.Deploy.0 = Release|ARM
		{7F1E6FB2-2201-4AC3-98A3-D88CF1C1BE07}.Release|iPhone.ActiveCfg = Release|Any CPU
		{7F1E6FB2-2201-4AC3-98A3-D88CF1C1BE07}.Release|iPhone.Build.0 = Release|Any CPU
		{7F1E6FB2-2201-4AC3-98A3-D88CF1C1BE07}.Release|iPhone.Deploy.0 = Release|Any CPU
		{7F1E6FB2-2201-4AC3-98A3-D88CF1C1BE07}.Release|iPhoneSimulator.ActiveCfg = Release|Any CPU
		{7F1E6FB2-2201-4AC3-98A3-D88CF1C1BE07}.Release|iPhoneSimulator.Build.0 = Release|Any CPU
		{7F1E6FB2-2201-4AC3-98A3-D88CF1C1BE07}.Release|iPhoneSimulator.Deploy.0 = Release|Any CPU
		{7F1E6FB2-2201-4AC3-98A3-D88CF1C1BE07}.Release|x64.ActiveCfg = Release|Any CPU
		{7F1E6FB2-2201-4AC3-98A3-D88CF1C1BE07}.Release|x64.Build.0 = Release|Any CPU
		{7F1E6FB2-2201-4AC3-98A3-D88CF1C1BE07}.Release|x64.Deploy.0 = Release|Any CPU
		{7F1E6FB2-2201-4AC3-98A3-D88CF1C1BE07}.Release|x86.ActiveCfg = Release|x86
		{7F1E6FB2-2201-4AC3-98A3-D88CF1C1BE07}.Release|x86.Build.0 = Release|x86
		{7F1E6FB2-2201-4AC3-98A3-D88CF1C1BE07}.Release|x86.Deploy.0 = Release|x86
		{FA9FF9B9-11F7-4E6A-AC7F-B62E79D04F2F}.Ad-Hoc|Any CPU.ActiveCfg = Release|Any CPU
		{FA9FF9B9-11F7-4E6A-AC7F-B62E79D04F2F}.Ad-Hoc|Any CPU.Build.0 = Release|Any CPU
		{FA9FF9B9-11F7-4E6A-AC7F-B62E79D04F2F}.Ad-Hoc|Any CPU.Deploy.0 = Release|Any CPU
		{FA9FF9B9-11F7-4E6A-AC7F-B62E79D04F2F}.Ad-Hoc|ARM.ActiveCfg = Release|ARM
		{FA9FF9B9-11F7-4E6A-AC7F-B62E79D04F2F}.Ad-Hoc|ARM.Build.0 = Release|ARM
		{FA9FF9B9-11F7-4E6A-AC7F-B62E79D04F2F}.Ad-Hoc|ARM.Deploy.0 = Release|ARM
		{FA9FF9B9-11F7-4E6A-AC7F-B62E79D04F2F}.Ad-Hoc|iPhone.ActiveCfg = Release|Any CPU
		{FA9FF9B9-11F7-4E6A-AC7F-B62E79D04F2F}.Ad-Hoc|iPhone.Build.0 = Release|Any CPU
		{FA9FF9B9-11F7-4E6A-AC7F-B62E79D04F2F}.Ad-Hoc|iPhone.Deploy.0 = Release|Any CPU
		{FA9FF9B9-11F7-4E6A-AC7F-B62E79D04F2F}.Ad-Hoc|iPhoneSimulator.ActiveCfg = Release|Any CPU
		{FA9FF9B9-11F7-4E6A-AC7F-B62E79D04F2F}.Ad-Hoc|iPhoneSimulator.Build.0 = Release|Any CPU
		{FA9FF9B9-11F7-4E6A-AC7F-B62E79D04F2F}.Ad-Hoc|iPhoneSimulator.Deploy.0 = Release|Any CPU
		{FA9FF9B9-11F7-4E6A-AC7F-B62E79D04F2F}.Ad-Hoc|x64.ActiveCfg = Release|x64
		{FA9FF9B9-11F7-4E6A-AC7F-B62E79D04F2F}.Ad-Hoc|x64.Build.0 = Release|x64
		{FA9FF9B9-11F7-4E6A-AC7F-B62E79D04F2F}.Ad-Hoc|x64.Deploy.0 = Release|x64
		{FA9FF9B9-11F7-4E6A-AC7F-B62E79D04F2F}.Ad-Hoc|x86.ActiveCfg = Release|x86
		{FA9FF9B9-11F7-4E6A-AC7F-B62E79D04F2F}.Ad-Hoc|x86.Build.0 = Release|x86
		{FA9FF9B9-11F7-4E6A-AC7F-B62E79D04F2F}.Ad-Hoc|x86.Deploy.0 = Release|x86
		{FA9FF9B9-11F7-4E6A-AC7F-B62E79D04F2F}.AppStore|Any CPU.ActiveCfg = Release|Any CPU
		{FA9FF9B9-11F7-4E6A-AC7F-B62E79D04F2F}.AppStore|Any CPU.Build.0 = Release|Any CPU
		{FA9FF9B9-11F7-4E6A-AC7F-B62E79D04F2F}.AppStore|Any CPU.Deploy.0 = Release|Any CPU
		{FA9FF9B9-11F7-4E6A-AC7F-B62E79D04F2F}.AppStore|ARM.ActiveCfg = Release|ARM
		{FA9FF9B9-11F7-4E6A-AC7F-B62E79D04F2F}.AppStore|ARM.Build.0 = Release|ARM
		{FA9FF9B9-11F7-4E6A-AC7F-B62E79D04F2F}.AppStore|ARM.Deploy.0 = Release|ARM
		{FA9FF9B9-11F7-4E6A-AC7F-B62E79D04F2F}.AppStore|iPhone.ActiveCfg = Release|Any CPU
		{FA9FF9B9-11F7-4E6A-AC7F-B62E79D04F2F}.AppStore|iPhone.Build.0 = Release|Any CPU
		{FA9FF9B9-11F7-4E6A-AC7F-B62E79D04F2F}.AppStore|iPhone.Deploy.0 = Release|Any CPU
		{FA9FF9B9-11F7-4E6A-AC7F-B62E79D04F2F}.AppStore|iPhoneSimulator.ActiveCfg = Release|Any CPU
		{FA9FF9B9-11F7-4E6A-AC7F-B62E79D04F2F}.AppStore|iPhoneSimulator.Build.0 = Release|Any CPU
		{FA9FF9B9-11F7-4E6A-AC7F-B62E79D04F2F}.AppStore|iPhoneSimulator.Deploy.0 = Release|Any CPU
		{FA9FF9B9-11F7-4E6A-AC7F-B62E79D04F2F}.AppStore|x64.ActiveCfg = Release|x64
		{FA9FF9B9-11F7-4E6A-AC7F-B62E79D04F2F}.AppStore|x64.Build.0 = Release|x64
		{FA9FF9B9-11F7-4E6A-AC7F-B62E79D04F2F}.AppStore|x64.Deploy.0 = Release|x64
		{FA9FF9B9-11F7-4E6A-AC7F-B62E79D04F2F}.AppStore|x86.ActiveCfg = Release|x86
		{FA9FF9B9-11F7-4E6A-AC7F-B62E79D04F2F}.AppStore|x86.Build.0 = Release|x86
		{FA9FF9B9-11F7-4E6A-AC7F-B62E79D04F2F}.AppStore|x86.Deploy.0 = Release|x86
		{FA9FF9B9-11F7-4E6A-AC7F-B62E79D04F2F}.Debug|Any CPU.ActiveCfg = Debug|Any CPU
		{FA9FF9B9-11F7-4E6A-AC7F-B62E79D04F2F}.Debug|Any CPU.Build.0 = Debug|Any CPU
		{FA9FF9B9-11F7-4E6A-AC7F-B62E79D04F2F}.Debug|Any CPU.Deploy.0 = Debug|Any CPU
		{FA9FF9B9-11F7-4E6A-AC7F-B62E79D04F2F}.Debug|ARM.ActiveCfg = Debug|ARM
		{FA9FF9B9-11F7-4E6A-AC7F-B62E79D04F2F}.Debug|ARM.Build.0 = Debug|ARM
		{FA9FF9B9-11F7-4E6A-AC7F-B62E79D04F2F}.Debug|ARM.Deploy.0 = Debug|ARM
		{FA9FF9B9-11F7-4E6A-AC7F-B62E79D04F2F}.Debug|iPhone.ActiveCfg = Debug|Any CPU
		{FA9FF9B9-11F7-4E6A-AC7F-B62E79D04F2F}.Debug|iPhone.Build.0 = Debug|Any CPU
		{FA9FF9B9-11F7-4E6A-AC7F-B62E79D04F2F}.Debug|iPhone.Deploy.0 = Debug|Any CPU
		{FA9FF9B9-11F7-4E6A-AC7F-B62E79D04F2F}.Debug|iPhoneSimulator.ActiveCfg = Debug|Any CPU
		{FA9FF9B9-11F7-4E6A-AC7F-B62E79D04F2F}.Debug|iPhoneSimulator.Build.0 = Debug|Any CPU
		{FA9FF9B9-11F7-4E6A-AC7F-B62E79D04F2F}.Debug|iPhoneSimulator.Deploy.0 = Debug|Any CPU
		{FA9FF9B9-11F7-4E6A-AC7F-B62E79D04F2F}.Debug|x64.ActiveCfg = Debug|x64
		{FA9FF9B9-11F7-4E6A-AC7F-B62E79D04F2F}.Debug|x64.Build.0 = Debug|x64
		{FA9FF9B9-11F7-4E6A-AC7F-B62E79D04F2F}.Debug|x64.Deploy.0 = Debug|x64
		{FA9FF9B9-11F7-4E6A-AC7F-B62E79D04F2F}.Debug|x86.ActiveCfg = Debug|x86
		{FA9FF9B9-11F7-4E6A-AC7F-B62E79D04F2F}.Debug|x86.Build.0 = Debug|x86
		{FA9FF9B9-11F7-4E6A-AC7F-B62E79D04F2F}.Debug|x86.Deploy.0 = Debug|x86
		{FA9FF9B9-11F7-4E6A-AC7F-B62E79D04F2F}.Release|Any CPU.ActiveCfg = Release|Any CPU
		{FA9FF9B9-11F7-4E6A-AC7F-B62E79D04F2F}.Release|Any CPU.Build.0 = Release|Any CPU
		{FA9FF9B9-11F7-4E6A-AC7F-B62E79D04F2F}.Release|Any CPU.Deploy.0 = Release|Any CPU
		{FA9FF9B9-11F7-4E6A-AC7F-B62E79D04F2F}.Release|ARM.ActiveCfg = Release|ARM
		{FA9FF9B9-11F7-4E6A-AC7F-B62E79D04F2F}.Release|ARM.Build.0 = Release|ARM
		{FA9FF9B9-11F7-4E6A-AC7F-B62E79D04F2F}.Release|ARM.Deploy.0 = Release|ARM
		{FA9FF9B9-11F7-4E6A-AC7F-B62E79D04F2F}.Release|iPhone.ActiveCfg = Release|Any CPU
		{FA9FF9B9-11F7-4E6A-AC7F-B62E79D04F2F}.Release|iPhone.Build.0 = Release|Any CPU
		{FA9FF9B9-11F7-4E6A-AC7F-B62E79D04F2F}.Release|iPhone.Deploy.0 = Release|Any CPU
		{FA9FF9B9-11F7-4E6A-AC7F-B62E79D04F2F}.Release|iPhoneSimulator.ActiveCfg = Release|Any CPU
		{FA9FF9B9-11F7-4E6A-AC7F-B62E79D04F2F}.Release|iPhoneSimulator.Build.0 = Release|Any CPU
		{FA9FF9B9-11F7-4E6A-AC7F-B62E79D04F2F}.Release|iPhoneSimulator.Deploy.0 = Release|Any CPU
		{FA9FF9B9-11F7-4E6A-AC7F-B62E79D04F2F}.Release|x64.ActiveCfg = Release|x64
		{FA9FF9B9-11F7-4E6A-AC7F-B62E79D04F2F}.Release|x64.Build.0 = Release|x64
		{FA9FF9B9-11F7-4E6A-AC7F-B62E79D04F2F}.Release|x64.Deploy.0 = Release|x64
		{FA9FF9B9-11F7-4E6A-AC7F-B62E79D04F2F}.Release|x86.ActiveCfg = Release|x86
		{FA9FF9B9-11F7-4E6A-AC7F-B62E79D04F2F}.Release|x86.Build.0 = Release|x86
		{FA9FF9B9-11F7-4E6A-AC7F-B62E79D04F2F}.Release|x86.Deploy.0 = Release|x86
		{A0900B24-B31C-4E63-AA4F-0F56F0995298}.Ad-Hoc|Any CPU.ActiveCfg = Release|Any CPU
		{A0900B24-B31C-4E63-AA4F-0F56F0995298}.Ad-Hoc|Any CPU.Build.0 = Release|Any CPU
		{A0900B24-B31C-4E63-AA4F-0F56F0995298}.Ad-Hoc|ARM.ActiveCfg = Release|Any CPU
		{A0900B24-B31C-4E63-AA4F-0F56F0995298}.Ad-Hoc|ARM.Build.0 = Release|Any CPU
		{A0900B24-B31C-4E63-AA4F-0F56F0995298}.Ad-Hoc|iPhone.ActiveCfg = Release|Any CPU
		{A0900B24-B31C-4E63-AA4F-0F56F0995298}.Ad-Hoc|iPhone.Build.0 = Release|Any CPU
		{A0900B24-B31C-4E63-AA4F-0F56F0995298}.Ad-Hoc|iPhoneSimulator.ActiveCfg = Release|Any CPU
		{A0900B24-B31C-4E63-AA4F-0F56F0995298}.Ad-Hoc|iPhoneSimulator.Build.0 = Release|Any CPU
		{A0900B24-B31C-4E63-AA4F-0F56F0995298}.Ad-Hoc|x64.ActiveCfg = Release|Any CPU
		{A0900B24-B31C-4E63-AA4F-0F56F0995298}.Ad-Hoc|x64.Build.0 = Release|Any CPU
		{A0900B24-B31C-4E63-AA4F-0F56F0995298}.Ad-Hoc|x86.ActiveCfg = Release|Any CPU
		{A0900B24-B31C-4E63-AA4F-0F56F0995298}.Ad-Hoc|x86.Build.0 = Release|Any CPU
		{A0900B24-B31C-4E63-AA4F-0F56F0995298}.AppStore|Any CPU.ActiveCfg = Release|Any CPU
		{A0900B24-B31C-4E63-AA4F-0F56F0995298}.AppStore|Any CPU.Build.0 = Release|Any CPU
		{A0900B24-B31C-4E63-AA4F-0F56F0995298}.AppStore|ARM.ActiveCfg = Release|Any CPU
		{A0900B24-B31C-4E63-AA4F-0F56F0995298}.AppStore|ARM.Build.0 = Release|Any CPU
		{A0900B24-B31C-4E63-AA4F-0F56F0995298}.AppStore|iPhone.ActiveCfg = Release|Any CPU
		{A0900B24-B31C-4E63-AA4F-0F56F0995298}.AppStore|iPhone.Build.0 = Release|Any CPU
		{A0900B24-B31C-4E63-AA4F-0F56F0995298}.AppStore|iPhoneSimulator.ActiveCfg = Release|Any CPU
		{A0900B24-B31C-4E63-AA4F-0F56F0995298}.AppStore|iPhoneSimulator.Build.0 = Release|Any CPU
		{A0900B24-B31C-4E63-AA4F-0F56F0995298}.AppStore|x64.ActiveCfg = Release|Any CPU
		{A0900B24-B31C-4E63-AA4F-0F56F0995298}.AppStore|x64.Build.0 = Release|Any CPU
		{A0900B24-B31C-4E63-AA4F-0F56F0995298}.AppStore|x86.ActiveCfg = Release|Any CPU
		{A0900B24-B31C-4E63-AA4F-0F56F0995298}.AppStore|x86.Build.0 = Release|Any CPU
		{A0900B24-B31C-4E63-AA4F-0F56F0995298}.Debug|Any CPU.ActiveCfg = Debug|Any CPU
		{A0900B24-B31C-4E63-AA4F-0F56F0995298}.Debug|Any CPU.Build.0 = Debug|Any CPU
		{A0900B24-B31C-4E63-AA4F-0F56F0995298}.Debug|ARM.ActiveCfg = Debug|Any CPU
		{A0900B24-B31C-4E63-AA4F-0F56F0995298}.Debug|ARM.Build.0 = Debug|Any CPU
		{A0900B24-B31C-4E63-AA4F-0F56F0995298}.Debug|iPhone.ActiveCfg = Debug|Any CPU
		{A0900B24-B31C-4E63-AA4F-0F56F0995298}.Debug|iPhone.Build.0 = Debug|Any CPU
		{A0900B24-B31C-4E63-AA4F-0F56F0995298}.Debug|iPhoneSimulator.ActiveCfg = Debug|Any CPU
		{A0900B24-B31C-4E63-AA4F-0F56F0995298}.Debug|iPhoneSimulator.Build.0 = Debug|Any CPU
		{A0900B24-B31C-4E63-AA4F-0F56F0995298}.Debug|x64.ActiveCfg = Debug|Any CPU
		{A0900B24-B31C-4E63-AA4F-0F56F0995298}.Debug|x64.Build.0 = Debug|Any CPU
		{A0900B24-B31C-4E63-AA4F-0F56F0995298}.Debug|x86.ActiveCfg = Debug|Any CPU
		{A0900B24-B31C-4E63-AA4F-0F56F0995298}.Debug|x86.Build.0 = Debug|Any CPU
		{A0900B24-B31C-4E63-AA4F-0F56F0995298}.Release|Any CPU.ActiveCfg = Release|Any CPU
		{A0900B24-B31C-4E63-AA4F-0F56F0995298}.Release|Any CPU.Build.0 = Release|Any CPU
		{A0900B24-B31C-4E63-AA4F-0F56F0995298}.Release|ARM.ActiveCfg = Release|Any CPU
		{A0900B24-B31C-4E63-AA4F-0F56F0995298}.Release|ARM.Build.0 = Release|Any CPU
		{A0900B24-B31C-4E63-AA4F-0F56F0995298}.Release|iPhone.ActiveCfg = Release|Any CPU
		{A0900B24-B31C-4E63-AA4F-0F56F0995298}.Release|iPhone.Build.0 = Release|Any CPU
		{A0900B24-B31C-4E63-AA4F-0F56F0995298}.Release|iPhoneSimulator.ActiveCfg = Release|Any CPU
		{A0900B24-B31C-4E63-AA4F-0F56F0995298}.Release|iPhoneSimulator.Build.0 = Release|Any CPU
		{A0900B24-B31C-4E63-AA4F-0F56F0995298}.Release|x64.ActiveCfg = Release|Any CPU
		{A0900B24-B31C-4E63-AA4F-0F56F0995298}.Release|x64.Build.0 = Release|Any CPU
		{A0900B24-B31C-4E63-AA4F-0F56F0995298}.Release|x86.ActiveCfg = Release|Any CPU
		{A0900B24-B31C-4E63-AA4F-0F56F0995298}.Release|x86.Build.0 = Release|Any CPU
	EndGlobalSection
	GlobalSection(SolutionProperties) = preSolution
		HideSolutionNode = FALSE
	EndGlobalSection
EndGlobal
